
Microsoft Visual Studio Solution File, Format Version 12.00
# Visual Studio Version 17
VisualStudioVersion = 17.2.32602.215
MinimumVisualStudioVersion = 10.0.40219.1
Project("{888888A0-9F3D-457C-B088-3A5042F75D52}") = "icarus-tool", "icarus-tool\server\icarus-tool.pyproj", "{5DE0B9F6-F489-43E6-B526-9C925FB490F0}"
EndProject
Global
	GlobalSection(SolutionConfigurationPlatforms) = preSolution
		Debug|Any CPU = Debug|Any CPU
		Release|Any CPU = Release|Any CPU
	EndGlobalSection
	GlobalSection(ProjectConfigurationPlatforms) = postSolution
		{5DE0B9F6-F489-43E6-B526-9C925FB490F0}.Debug|Any CPU.ActiveCfg = Debug|Any CPU
		{5DE0B9F6-F489-43E6-B526-9C925FB490F0}.Release|Any CPU.ActiveCfg = Release|Any CPU
	EndGlobalSection
	GlobalSection(SolutionProperties) = preSolution
		HideSolutionNode = FALSE
	EndGlobalSection
	GlobalSection(ExtensibilityGlobals) = postSolution
		SolutionGuid = {28129456-0298-4939-973B-DC4708CF8A04}
	EndGlobalSection
EndGlobal
